// !$*UTF8*$!
{
	archiveVersion = 1;
	classes = {
	};
	objectVersion = 77;
	objects = {

/* Begin PBXBuildFile section */
		2EC308B3A3725D450BE807AB /* Pods_AMFlix_ProjectTests.framework in Frameworks */ = {isa = PBXBuildFile; fileRef = 89FC772AA888FA50CB48696F /* Pods_AMFlix_ProjectTests.framework */; };
		671F2CDE799EBB38EAE9A98B /* Pods_AMFlix_Project_AMFlix_ProjectUITests.framework in Frameworks */ = {isa = PBXBuildFile; fileRef = ECFA6F1C3A8976C7C3B8C9B1 /* Pods_AMFlix_Project_AMFlix_ProjectUITests.framework */; };
		F6B65A38CAE10B7D65AFEFCD /* Pods_AMFlix_Project.framework in Frameworks */ = {isa = PBXBuildFile; fileRef = B2346ECDD0CA238B4D90509B /* Pods_AMFlix_Project.framework */; };
/* End PBXBuildFile section */

/* Begin PBXContainerItemProxy section */
		8EB7D78C2ED7C59300C6A853 /* PBXContainerItemProxy */ = {
			isa = PBXContainerItemProxy;
			containerPortal = 8EB7D7762ED7C59100C6A853 /* Project object */;
			proxyType = 1;
			remoteGlobalIDString = 8EB7D77D2ED7C59100C6A853;
			remoteInfo = AMFlix_Project;
		};
		8EB7D7962ED7C59300C6A853 /* PBXContainerItemProxy */ = {
			isa = PBXContainerItemProxy;
			containerPortal = 8EB7D7762ED7C59100C6A853 /* Project object */;
			proxyType = 1;
			remoteGlobalIDString = 8EB7D77D2ED7C59100C6A853;
			remoteInfo = AMFlix_Project;
		};
/* End PBXContainerItemProxy section */

/* Begin PBXFileReference section */
		180C532766FEA87C8B333125 /* Pods-AMFlix_Project.debug.xcconfig */ = {isa = PBXFileReference; includeInIndex = 1; lastKnownFileType = text.xcconfig; name = "Pods-AMFlix_Project.debug.xcconfig"; path = "Target Support Files/Pods-AMFlix_Project/Pods-AMFlix_Project.debug.xcconfig"; sourceTree = "<group>"; };
		278765BA399BC46E8D4412AF /* Pods-AMFlix_Project-AMFlix_ProjectUITests.debug.xcconfig */ = {isa = PBXFileReference; includeInIndex = 1; lastKnownFileType = text.xcconfig; name = "Pods-AMFlix_Project-AMFlix_ProjectUITests.debug.xcconfig"; path = "Target Support Files/Pods-AMFlix_Project-AMFlix_ProjectUITests/Pods-AMFlix_Project-AMFlix_ProjectUITests.debug.xcconfig"; sourceTree = "<group>"; };
		2B326DF456E5BE5F1535DD69 /* Pods-AMFlix_ProjectTests.release.xcconfig */ = {isa = PBXFileReference; includeInIndex = 1; lastKnownFileType = text.xcconfig; name = "Pods-AMFlix_ProjectTests.release.xcconfig"; path = "Target Support Files/Pods-AMFlix_ProjectTests/Pods-AMFlix_ProjectTests.release.xcconfig"; sourceTree = "<group>"; };
		89FC772AA888FA50CB48696F /* Pods_AMFlix_ProjectTests.framework */ = {isa = PBXFileReference; explicitFileType = wrapper.framework; includeInIndex = 0; path = Pods_AMFlix_ProjectTests.framework; sourceTree = BUILT_PRODUCTS_DIR; };
		8EB7D77E2ED7C59100C6A853 /* AMFlix_Project.app */ = {isa = PBXFileReference; explicitFileType = wrapper.application; includeInIndex = 0; path = AMFlix_Project.app; sourceTree = BUILT_PRODUCTS_DIR; };
		8EB7D78B2ED7C59300C6A853 /* AMFlix_ProjectTests.xctest */ = {isa = PBXFileReference; explicitFileType = wrapper.cfbundle; includeInIndex = 0; path = AMFlix_ProjectTests.xctest; sourceTree = BUILT_PRODUCTS_DIR; };
		8EB7D7952ED7C59300C6A853 /* AMFlix_ProjectUITests.xctest */ = {isa = PBXFileReference; explicitFileType = wrapper.cfbundle; includeInIndex = 0; path = AMFlix_ProjectUITests.xctest; sourceTree = BUILT_PRODUCTS_DIR; };
		B2346ECDD0CA238B4D90509B /* Pods_AMFlix_Project.framework */ = {isa = PBXFileReference; explicitFileType = wrapper.framework; includeInIndex = 0; path = Pods_AMFlix_Project.framework; sourceTree = BUILT_PRODUCTS_DIR; };
		C54EEFAF330BAAA47B228B30 /* Pods-AMFlix_Project.release.xcconfig */ = {isa = PBXFileReference; includeInIndex = 1; lastKnownFileType = text.xcconfig; name = "Pods-AMFlix_Project.release.xcconfig"; path = "Target Support Files/Pods-AMFlix_Project/Pods-AMFlix_Project.release.xcconfig"; sourceTree = "<group>"; };
		C815423D4703AE457282CCAE /* Pods-AMFlix_Project-AMFlix_ProjectUITests.release.xcconfig */ = {isa = PBXFileReference; includeInIndex = 1; lastKnownFileType = text.xcconfig; name = "Pods-AMFlix_Project-AMFlix_ProjectUITests.release.xcconfig"; path = "Target Support Files/Pods-AMFlix_Project-AMFlix_ProjectUITests/Pods-AMFlix_Project-AMFlix_ProjectUITests.release.xcconfig"; sourceTree = "<group>"; };
		D51314EC29DAB3B9EBF61F04 /* Pods-AMFlix_ProjectTests.debug.xcconfig */ = {isa = PBXFileReference; includeInIndex = 1; lastKnownFileType = text.xcconfig; name = "Pods-AMFlix_ProjectTests.debug.xcconfig"; path = "Target Support Files/Pods-AMFlix_ProjectTests/Pods-AMFlix_ProjectTests.debug.xcconfig"; sourceTree = "<group>"; };
		ECFA6F1C3A8976C7C3B8C9B1 /* Pods_AMFlix_Project_AMFlix_ProjectUITests.framework */ = {isa = PBXFileReference; explicitFileType = wrapper.framework; includeInIndex = 0; path = Pods_AMFlix_Project_AMFlix_ProjectUITests.framework; sourceTree = BUILT_PRODUCTS_DIR; };
/* End PBXFileReference section */

/* Begin PBXFileSystemSynchronizedRootGroup section */
		8EB7D7802ED7C59100C6A853 /* AMFlix_Project */ = {
			isa = PBXFileSystemSynchronizedRootGroup;
			exceptions = (
			);
			path = AMFlix_Project;
			sourceTree = "<group>";
		};
		8EB7D78E2ED7C59300C6A853 /* AMFlix_ProjectTests */ = {
			isa = PBXFileSystemSynchronizedRootGroup;
			exceptions = (
			);
			path = AMFlix_ProjectTests;
			sourceTree = "<group>";
		};
		8EB7D7982ED7C59300C6A853 /* AMFlix_ProjectUITests */ = {
			isa = PBXFileSystemSynchronizedRootGroup;
			exceptions = (
			);
			path = AMFlix_ProjectUITests;
			sourceTree = "<group>";
		};
/* End PBXFileSystemSynchronizedRootGroup section */

/* Begin PBXFrameworksBuildPhase section */
		8EB7D77B2ED7C59100C6A853 /* Frameworks */ = {
			isa = PBXFrameworksBuildPhase;
			buildActionMask = 2147483647;
			files = (
				F6B65A38CAE10B7D65AFEFCD /* Pods_AMFlix_Project.framework in Frameworks */,
			);
			runOnlyForDeploymentPostprocessing = 0;
		};
		8EB7D7882ED7C59300C6A853 /* Frameworks */ = {
			isa = PBXFrameworksBuildPhase;
			buildActionMask = 2147483647;
			files = (
				2EC308B3A3725D450BE807AB /* Pods_AMFlix_ProjectTests.framework in Frameworks */,
			);
			runOnlyForDeploymentPostprocessing = 0;
		};
		8EB7D7922ED7C59300C6A853 /* Frameworks */ = {
			isa = PBXFrameworksBuildPhase;
			buildActionMask = 2147483647;
			files = (
				671F2CDE799EBB38EAE9A98B /* Pods_AMFlix_Project_AMFlix_ProjectUITests.framework in Frameworks */,
			);
			runOnlyForDeploymentPostprocessing = 0;
		};
/* End PBXFrameworksBuildPhase section */

/* Begin PBXGroup section */
		8EB7D7752ED7C59100C6A853 = {
			isa = PBXGroup;
			children = (
				8EB7D7802ED7C59100C6A853 /* AMFlix_Project */,
				8EB7D78E2ED7C59300C6A853 /* AMFlix_ProjectTests */,
				8EB7D7982ED7C59300C6A853 /* AMFlix_ProjectUITests */,
				8EB7D77F2ED7C59100C6A853 /* Products */,
				9E8F41A86ADEC38F5AC9BBCE /* Pods */,
				ED35BD32FC72F0EC74D00B51 /* Frameworks */,
			);
			sourceTree = "<group>";
		};
		8EB7D77F2ED7C59100C6A853 /* Products */ = {
			isa = PBXGroup;
			children = (
				8EB7D77E2ED7C59100C6A853 /* AMFlix_Project.app */,
				8EB7D78B2ED7C59300C6A853 /* AMFlix_ProjectTests.xctest */,
				8EB7D7952ED7C59300C6A853 /* AMFlix_ProjectUITests.xctest */,
			);
			name = Products;
			sourceTree = "<group>";
		};
		9E8F41A86ADEC38F5AC9BBCE /* Pods */ = {
			isa = PBXGroup;
			children = (
				180C532766FEA87C8B333125 /* Pods-AMFlix_Project.debug.xcconfig */,
				C54EEFAF330BAAA47B228B30 /* Pods-AMFlix_Project.release.xcconfig */,
				278765BA399BC46E8D4412AF /* Pods-AMFlix_Project-AMFlix_ProjectUITests.debug.xcconfig */,
				C815423D4703AE457282CCAE /* Pods-AMFlix_Project-AMFlix_ProjectUITests.release.xcconfig */,
				D51314EC29DAB3B9EBF61F04 /* Pods-AMFlix_ProjectTests.debug.xcconfig */,
				2B326DF456E5BE5F1535DD69 /* Pods-AMFlix_ProjectTests.release.xcconfig */,
			);
			name = Pods;
			path = Pods;
			sourceTree = "<group>";
		};
		ED35BD32FC72F0EC74D00B51 /* Frameworks */ = {
			isa = PBXGroup;
			children = (
				B2346ECDD0CA238B4D90509B /* Pods_AMFlix_Project.framework */,
				ECFA6F1C3A8976C7C3B8C9B1 /* Pods_AMFlix_Project_AMFlix_ProjectUITests.framework */,
				89FC772AA888FA50CB48696F /* Pods_AMFlix_ProjectTests.framework */,
			);
			name = Frameworks;
			sourceTree = "<group>";
		};
/* End PBXGroup section */

/* Begin PBXNativeTarget section */
		8EB7D77D2ED7C59100C6A853 /* AMFlix_Project */ = {
			isa = PBXNativeTarget;
			buildConfigurationList = 8EB7D79F2ED7C59300C6A853 /* Build configuration list for PBXNativeTarget "AMFlix_Project" */;
			buildPhases = (
				11CBE8759D1C2003390C22E6 /* [CP] Check Pods Manifest.lock */,
				8EB7D77A2ED7C59100C6A853 /* Sources */,
				8EB7D77B2ED7C59100C6A853 /* Frameworks */,
				8EB7D77C2ED7C59100C6A853 /* Resources */,
			);
			buildRules = (
			);
			dependencies = (
			);
			fileSystemSynchronizedGroups = (
				8EB7D7802ED7C59100C6A853 /* AMFlix_Project */,
			);
			name = AMFlix_Project;
			productName = AMFlix_Project;
			productReference = 8EB7D77E2ED7C59100C6A853 /* AMFlix_Project.app */;
			productType = "com.apple.product-type.application";
		};
		8EB7D78A2ED7C59300C6A853 /* AMFlix_ProjectTests */ = {
			isa = PBXNativeTarget;
			buildConfigurationList = 8EB7D7A22ED7C59300C6A853 /* Build configuration list for PBXNativeTarget "AMFlix_ProjectTests" */;
			buildPhases = (
				8662636869107C275D07D9CB /* [CP] Check Pods Manifest.lock */,
				8EB7D7872ED7C59300C6A853 /* Sources */,
				8EB7D7882ED7C59300C6A853 /* Frameworks */,
				8EB7D7892ED7C59300C6A853 /* Resources */,
			);
			buildRules = (
			);
			dependencies = (
				8EB7D78D2ED7C59300C6A853 /* PBXTargetDependency */,
			);
			fileSystemSynchronizedGroups = (
				8EB7D78E2ED7C59300C6A853 /* AMFlix_ProjectTests */,
			);
			name = AMFlix_ProjectTests;
			productName = AMFlix_ProjectTests;
			productReference = 8EB7D78B2ED7C59300C6A853 /* AMFlix_ProjectTests.xctest */;
			productType = "com.apple.product-type.bundle.unit-test";
		};
		8EB7D7942ED7C59300C6A853 /* AMFlix_ProjectUITests */ = {
			isa = PBXNativeTarget;
			buildConfigurationList = 8EB7D7A52ED7C59300C6A853 /* Build configuration list for PBXNativeTarget "AMFlix_ProjectUITests" */;
			buildPhases = (
				061360C17B86AD4313CB12A6 /* [CP] Check Pods Manifest.lock */,
				8EB7D7912ED7C59300C6A853 /* Sources */,
				8EB7D7922ED7C59300C6A853 /* Frameworks */,
				8EB7D7932ED7C59300C6A853 /* Resources */,
			);
			buildRules = (
			);
			dependencies = (
				8EB7D7972ED7C59300C6A853 /* PBXTargetDependency */,
			);
			fileSystemSynchronizedGroups = (
				8EB7D7982ED7C59300C6A853 /* AMFlix_ProjectUITests */,
			);
			name = AMFlix_ProjectUITests;
			productName = AMFlix_ProjectUITests;
			productReference = 8EB7D7952ED7C59300C6A853 /* AMFlix_ProjectUITests.xctest */;
			productType = "com.apple.product-type.bundle.ui-testing";
		};
/* End PBXNativeTarget section */

/* Begin PBXProject section */
		8EB7D7762ED7C59100C6A853 /* Project object */ = {
			isa = PBXProject;
			attributes = {
				BuildIndependentTargetsInParallel = 1;
				LastSwiftUpdateCheck = 1630;
				LastUpgradeCheck = 1630;
				TargetAttributes = {
					8EB7D77D2ED7C59100C6A853 = {
						CreatedOnToolsVersion = 16.3;
					};
					8EB7D78A2ED7C59300C6A853 = {
						CreatedOnToolsVersion = 16.3;
						TestTargetID = 8EB7D77D2ED7C59100C6A853;
					};
					8EB7D7942ED7C59300C6A853 = {
						CreatedOnToolsVersion = 16.3;
						TestTargetID = 8EB7D77D2ED7C59100C6A853;
					};
				};
			};
			buildConfigurationList = 8EB7D7792ED7C59100C6A853 /* Build configuration list for PBXProject "AMFlix_Project" */;
			developmentRegion = en;
			hasScannedForEncodings = 0;
			knownRegions = (
				en,
				Base,
			);
			mainGroup = 8EB7D7752ED7C59100C6A853;
			minimizedProjectReferenceProxies = 1;
			preferredProjectObjectVersion = 77;
			productRefGroup = 8EB7D77F2ED7C59100C6A853 /* Products */;
			projectDirPath = "";
			projectRoot = "";
			targets = (
				8EB7D77D2ED7C59100C6A853 /* AMFlix_Project */,
				8EB7D78A2ED7C59300C6A853 /* AMFlix_ProjectTests */,
				8EB7D7942ED7C59300C6A853 /* AMFlix_ProjectUITests */,
			);
		};
/* End PBXProject section */

/* Begin PBXResourcesBuildPhase section */
		8EB7D77C2ED7C59100C6A853 /* Resources */ = {
			isa = PBXResourcesBuildPhase;
			buildActionMask = 2147483647;
			files = (
			);
			runOnlyForDeploymentPostprocessing = 0;
		};
		8EB7D7892ED7C59300C6A853 /* Resources */ = {
			isa = PBXResourcesBuildPhase;
			buildActionMask = 2147483647;
			files = (
			);
			runOnlyForDeploymentPostprocessing = 0;
		};
		8EB7D7932ED7C59300C6A853 /* Resources */ = {
			isa = PBXResourcesBuildPhase;
			buildActionMask = 2147483647;
			files = (
			);
			runOnlyForDeploymentPostprocessing = 0;
		};
/* End PBXResourcesBuildPhase section */

/* Begin PBXShellScriptBuildPhase section */
		061360C17B86AD4313CB12A6 /* [CP] Check Pods Manifest.lock */ = {
			isa = PBXShellScriptBuildPhase;
			buildActionMask = 2147483647;
			files = (
			);
			inputFileListPaths = (
			);
			inputPaths = (
				"${PODS_PODFILE_DIR_PATH}/Podfile.lock",
				"${PODS_ROOT}/Manifest.lock",
			);
			name = "[CP] Check Pods Manifest.lock";
			outputFileListPaths = (
			);
			outputPaths = (
				"$(DERIVED_FILE_DIR)/Pods-AMFlix_Project-AMFlix_ProjectUITests-checkManifestLockResult.txt",
			);
			runOnlyForDeploymentPostprocessing = 0;
			shellPath = /bin/sh;
			shellScript = "diff \"${PODS_PODFILE_DIR_PATH}/Podfile.lock\" \"${PODS_ROOT}/Manifest.lock\" > /dev/null\nif [ $? != 0 ] ; then\n    # print error to STDERR\n    echo \"error: The sandbox is not in sync with the Podfile.lock. Run 'pod install' or update your CocoaPods installation.\" >&2\n    exit 1\nfi\n# This output is used by Xcode 'outputs' to avoid re-running this script phase.\necho \"SUCCESS\" > \"${SCRIPT_OUTPUT_FILE_0}\"\n";
			showEnvVarsInLog = 0;
		};
		11CBE8759D1C2003390C22E6 /* [CP] Check Pods Manifest.lock */ = {
			isa = PBXShellScriptBuildPhase;
			buildActionMask = 2147483647;
			files = (
			);
			inputFileListPaths = (
			);
			inputPaths = (
				"${PODS_PODFILE_DIR_PATH}/Podfile.lock",
				"${PODS_ROOT}/Manifest.lock",
			);
			name = "[CP] Check Pods Manifest.lock";
			outputFileListPaths = (
			);
			outputPaths = (
				"$(DERIVED_FILE_DIR)/Pods-AMFlix_Project-checkManifestLockResult.txt",
			);
			runOnlyForDeploymentPostprocessing = 0;
			shellPath = /bin/sh;
			shellScript = "diff \"${PODS_PODFILE_DIR_PATH}/Podfile.lock\" \"${PODS_ROOT}/Manifest.lock\" > /dev/null\nif [ $? != 0 ] ; then\n    # print error to STDERR\n    echo \"error: The sandbox is not in sync with the Podfile.lock. Run 'pod install' or update your CocoaPods installation.\" >&2\n    exit 1\nfi\n# This output is used by Xcode 'outputs' to avoid re-running this script phase.\necho \"SUCCESS\" > \"${SCRIPT_OUTPUT_FILE_0}\"\n";
			showEnvVarsInLog = 0;
		};
		8662636869107C275D07D9CB /* [CP] Check Pods Manifest.lock */ = {
			isa = PBXShellScriptBuildPhase;
			buildActionMask = 2147483647;
			files = (
			);
			inputFileListPaths = (
			);
			inputPaths = (
				"${PODS_PODFILE_DIR_PATH}/Podfile.lock",
				"${PODS_ROOT}/Manifest.lock",
			);
			name = "[CP] Check Pods Manifest.lock";
			outputFileListPaths = (
			);
			outputPaths = (
				"$(DERIVED_FILE_DIR)/Pods-AMFlix_ProjectTests-checkManifestLockResult.txt",
			);
			runOnlyForDeploymentPostprocessing = 0;
			shellPath = /bin/sh;
			shellScript = "diff \"${PODS_PODFILE_DIR_PATH}/Podfile.lock\" \"${PODS_ROOT}/Manifest.lock\" > /dev/null\nif [ $? != 0 ] ; then\n    # print error to STDERR\n    echo \"error: The sandbox is not in sync with the Podfile.lock. Run 'pod install' or update your CocoaPods installation.\" >&2\n    exit 1\nfi\n# This output is used by Xcode 'outputs' to avoid re-running this script phase.\necho \"SUCCESS\" > \"${SCRIPT_OUTPUT_FILE_0}\"\n";
			showEnvVarsInLog = 0;
		};
/* End PBXShellScriptBuildPhase section */

/* Begin PBXSourcesBuildPhase section */
		8EB7D77A2ED7C59100C6A853 /* Sources */ = {
			isa = PBXSourcesBuildPhase;
			buildActionMask = 2147483647;
			files = (
			);
			runOnlyForDeploymentPostprocessing = 0;
		};
		8EB7D7872ED7C59300C6A853 /* Sources */ = {
			isa = PBXSourcesBuildPhase;
			buildActionMask = 2147483647;
			files = (
			);
			runOnlyForDeploymentPostprocessing = 0;
		};
		8EB7D7912ED7C59300C6A853 /* Sources */ = {
			isa = PBXSourcesBuildPhase;
			buildActionMask = 2147483647;
			files = (
			);
			runOnlyForDeploymentPostprocessing = 0;
		};
/* End PBXSourcesBuildPhase section */

/* Begin PBXTargetDependency section */
		8EB7D78D2ED7C59300C6A853 /* PBXTargetDependency */ = {
			isa = PBXTargetDependency;
			target = 8EB7D77D2ED7C59100C6A853 /* AMFlix_Project */;
			targetProxy = 8EB7D78C2ED7C59300C6A853 /* PBXContainerItemProxy */;
		};
		8EB7D7972ED7C59300C6A853 /* PBXTargetDependency */ = {
			isa = PBXTargetDependency;
			target = 8EB7D77D2ED7C59100C6A853 /* AMFlix_Project */;
			targetProxy = 8EB7D7962ED7C59300C6A853 /* PBXContainerItemProxy */;
		};
/* End PBXTargetDependency section */

/* Begin XCBuildConfiguration section */
		8EB7D79D2ED7C59300C6A853 /* Debug */ = {
			isa = XCBuildConfiguration;
			buildSettings = {
				ALWAYS_SEARCH_USER_PATHS = NO;
				ASSETCATALOG_COMPILER_GENERATE_SWIFT_ASSET_SYMBOL_EXTENSIONS = YES;
				CLANG_ANALYZER_NONNULL = YES;
				CLANG_ANALYZER_NUMBER_OBJECT_CONVERSION = YES_AGGRESSIVE;
				CLANG_CXX_LANGUAGE_STANDARD = "gnu++20";
				CLANG_ENABLE_MODULES = YES;
				CLANG_ENABLE_OBJC_ARC = YES;
				CLANG_ENABLE_OBJC_WEAK = YES;
				CLANG_WARN_BLOCK_CAPTURE_AUTORELEASING = YES;
				CLANG_WARN_BOOL_CONVERSION = YES;
				CLANG_WARN_COMMA = YES;
				CLANG_WARN_CONSTANT_CONVERSION = YES;
				CLANG_WARN_DEPRECATED_OBJC_IMPLEMENTATIONS = YES;
				CLANG_WARN_DIRECT_OBJC_ISA_USAGE = YES_ERROR;
				CLANG_WARN_DOCUMENTATION_COMMENTS = YES;
				CLANG_WARN_EMPTY_BODY = YES;
				CLANG_WARN_ENUM_CONVERSION = YES;
				CLANG_WARN_INFINITE_RECURSION = YES;
				CLANG_WARN_INT_CONVERSION = YES;
				CLANG_WARN_NON_LITERAL_NULL_CONVERSION = YES;
				CLANG_WARN_OBJC_IMPLICIT_RETAIN_SELF = YES;
				CLANG_WARN_OBJC_LITERAL_CONVERSION = YES;
				CLANG_WARN_OBJC_ROOT_CLASS = YES_ERROR;
				CLANG_WARN_QUOTED_INCLUDE_IN_FRAMEWORK_HEADER = YES;
				CLANG_WARN_RANGE_LOOP_ANALYSIS = YES;
				CLANG_WARN_STRICT_PROTOTYPES = YES;
				CLANG_WARN_SUSPICIOUS_MOVE = YES;
				CLANG_WARN_UNGUARDED_AVAILABILITY = YES_AGGRESSIVE;
				CLANG_WARN_UNREACHABLE_CODE = YES;
				CLANG_WARN__DUPLICATE_METHOD_MATCH = YES;
				COPY_PHASE_STRIP = NO;
				DEBUG_INFORMATION_FORMAT = dwarf;
				DEVELOPMENT_TEAM = 7NFTZZKFCW;
				ENABLE_STRICT_OBJC_MSGSEND = YES;
				ENABLE_TESTABILITY = YES;
				ENABLE_USER_SCRIPT_SANDBOXING = YES;
				GCC_C_LANGUAGE_STANDARD = gnu17;
				GCC_DYNAMIC_NO_PIC = NO;
				GCC_NO_COMMON_BLOCKS = YES;
				GCC_OPTIMIZATION_LEVEL = 0;
				GCC_PREPROCESSOR_DEFINITIONS = (
					"DEBUG=1",
					"$(inherited)",
				);
				GCC_WARN_64_TO_32_BIT_CONVERSION = YES;
				GCC_WARN_ABOUT_RETURN_TYPE = YES_ERROR;
				GCC_WARN_UNDECLARED_SELECTOR = YES;
				GCC_WARN_UNINITIALIZED_AUTOS = YES_AGGRESSIVE;
				GCC_WARN_UNUSED_FUNCTION = YES;
				GCC_WARN_UNUSED_VARIABLE = YES;
				IPHONEOS_DEPLOYMENT_TARGET = 18.4;
				LOCALIZATION_PREFERS_STRING_CATALOGS = YES;
				MTL_ENABLE_DEBUG_INFO = INCLUDE_SOURCE;
				MTL_FAST_MATH = YES;
				ONLY_ACTIVE_ARCH = YES;
				SDKROOT = iphoneos;
				SWIFT_ACTIVE_COMPILATION_CONDITIONS = "DEBUG $(inherited)";
				SWIFT_OPTIMIZATION_LEVEL = "-Onone";
			};
			name = Debug;
		};
		8EB7D79E2ED7C59300C6A853 /* Release */ = {
			isa = XCBuildConfiguration;
			buildSettings = {
				ALWAYS_SEARCH_USER_PATHS = NO;
				ASSETCATALOG_COMPILER_GENERATE_SWIFT_ASSET_SYMBOL_EXTENSIONS = YES;
				CLANG_ANALYZER_NONNULL = YES;
				CLANG_ANALYZER_NUMBER_OBJECT_CONVERSION = YES_AGGRESSIVE;
				CLANG_CXX_LANGUAGE_STANDARD = "gnu++20";
				CLANG_ENABLE_MODULES = YES;
				CLANG_ENABLE_OBJC_ARC = YES;
				CLANG_ENABLE_OBJC_WEAK = YES;
				CLANG_WARN_BLOCK_CAPTURE_AUTORELEASING = YES;
				CLANG_WARN_BOOL_CONVERSION = YES;
				CLANG_WARN_COMMA = YES;
				CLANG_WARN_CONSTANT_CONVERSION = YES;
				CLANG_WARN_DEPRECATED_OBJC_IMPLEMENTATIONS = YES;
				CLANG_WARN_DIRECT_OBJC_ISA_USAGE = YES_ERROR;
				CLANG_WARN_DOCUMENTATION_COMMENTS = YES;
				CLANG_WARN_EMPTY_BODY = YES;
				CLANG_WARN_ENUM_CONVERSION = YES;
				CLANG_WARN_INFINITE_RECURSION = YES;
				CLANG_WARN_INT_CONVERSION = YES;
				CLANG_WARN_NON_LITERAL_NULL_CONVERSION = YES;
				CLANG_WARN_OBJC_IMPLICIT_RETAIN_SELF = YES;
				CLANG_WARN_OBJC_LITERAL_CONVERSION = YES;
				CLANG_WARN_OBJC_ROOT_CLASS = YES_ERROR;
				CLANG_WARN_QUOTED_INCLUDE_IN_FRAMEWORK_HEADER = YES;
				CLANG_WARN_RANGE_LOOP_ANALYSIS = YES;
				CLANG_WARN_STRICT_PROTOTYPES = YES;
				CLANG_WARN_SUSPICIOUS_MOVE = YES;
				CLANG_WARN_UNGUARDED_AVAILABILITY = YES_AGGRESSIVE;
				CLANG_WARN_UNREACHABLE_CODE = YES;
				CLANG_WARN__DUPLICATE_METHOD_MATCH = YES;
				COPY_PHASE_STRIP = NO;
				DEBUG_INFORMATION_FORMAT = "dwarf-with-dsym";
				DEVELOPMENT_TEAM = 7NFTZZKFCW;
				ENABLE_NS_ASSERTIONS = NO;
				ENABLE_STRICT_OBJC_MSGSEND = YES;
				ENABLE_USER_SCRIPT_SANDBOXING = YES;
				GCC_C_LANGUAGE_STANDARD = gnu17;
				GCC_NO_COMMON_BLOCKS = YES;
				GCC_WARN_64_TO_32_BIT_CONVERSION = YES;
				GCC_WARN_ABOUT_RETURN_TYPE = YES_ERROR;
				GCC_WARN_UNDECLARED_SELECTOR = YES;
				GCC_WARN_UNINITIALIZED_AUTOS = YES_AGGRESSIVE;
				GCC_WARN_UNUSED_FUNCTION = YES;
				GCC_WARN_UNUSED_VARIABLE = YES;
				IPHONEOS_DEPLOYMENT_TARGET = 18.4;
				LOCALIZATION_PREFERS_STRING_CATALOGS = YES;
				MTL_ENABLE_DEBUG_INFO = NO;
				MTL_FAST_MATH = YES;
				SDKROOT = iphoneos;
				SWIFT_COMPILATION_MODE = wholemodule;
				VALIDATE_PRODUCT = YES;
			};
			name = Release;
		};
		8EB7D7A02ED7C59300C6A853 /* Debug */ = {
			isa = XCBuildConfiguration;
			baseConfigurationReference = 180C532766FEA87C8B333125 /* Pods-AMFlix_Project.debug.xcconfig */;
			buildSettings = {
				ASSETCATALOG_COMPILER_APPICON_NAME = AppIcon;
				ASSETCATALOG_COMPILER_GLOBAL_ACCENT_COLOR_NAME = AccentColor;
				CODE_SIGN_STYLE = Automatic;
				CURRENT_PROJECT_VERSION = 1;
				DEVELOPMENT_TEAM = 7NFTZZKFCW;
				ENABLE_PREVIEWS = YES;
				GENERATE_INFOPLIST_FILE = YES;
				INFOPLIST_KEY_UIApplicationSceneManifest_Generation = YES;
				INFOPLIST_KEY_UIApplicationSupportsIndirectInputEvents = YES;
				INFOPLIST_KEY_UILaunchScreen_Generation = YES;
				INFOPLIST_KEY_UISupportedInterfaceOrientations_iPad = "UIInterfaceOrientationPortrait UIInterfaceOrientationPortraitUpsideDown UIInterfaceOrientationLandscapeLeft UIInterfaceOrientationLandscapeRight";
				INFOPLIST_KEY_UISupportedInterfaceOrientations_iPhone = "UIInterfaceOrientationPortrait UIInterfaceOrientationLandscapeLeft UIInterfaceOrientationLandscapeRight";
				LD_RUNPATH_SEARCH_PATHS = (
					"$(inherited)",
					"@executable_path/Frameworks",
				);
				MARKETING_VERSION = 1.0;
				PRODUCT_BUNDLE_IDENTIFIER = "Arthur-Machado.AMFlix-Project";
				PRODUCT_NAME = "$(TARGET_NAME)";
				SWIFT_EMIT_LOC_STRINGS = YES;
				SWIFT_VERSION = 5.0;
				TARGETED_DEVICE_FAMILY = "1,2";
			};
			name = Debug;
		};
		8EB7D7A12ED7C59300C6A853 /* Release */ = {
			isa = XCBuildConfiguration;
			baseConfigurationReference = C54EEFAF330BAAA47B228B30 /* Pods-AMFlix_Project.release.xcconfig */;
			buildSettings = {
				ASSETCATALOG_COMPILER_APPICON_NAME = AppIcon;
				ASSETCATALOG_COMPILER_GLOBAL_ACCENT_COLOR_NAME = AccentColor;
				CODE_SIGN_STYLE = Automatic;
				CURRENT_PROJECT_VERSION = 1;
				DEVELOPMENT_TEAM = 7NFTZZKFCW;
				ENABLE_PREVIEWS = YES;
				GENERATE_INFOPLIST_FILE = YES;
				INFOPLIST_KEY_UIApplicationSceneManifest_Generation = YES;
				INFOPLIST_KEY_UIApplicationSupportsIndirectInputEvents = YES;
				INFOPLIST_KEY_UILaunchScreen_Generation = YES;
				INFOPLIST_KEY_UISupportedInterfaceOrientations_iPad = "UIInterfaceOrientationPortrait UIInterfaceOrientationPortraitUpsideDown UIInterfaceOrientationLandscapeLeft UIInterfaceOrientationLandscapeRight";
				INFOPLIST_KEY_UISupportedInterfaceOrientations_iPhone = "UIInterfaceOrientationPortrait UIInterfaceOrientationLandscapeLeft UIInterfaceOrientationLandscapeRight";
				LD_RUNPATH_SEARCH_PATHS = (
					"$(inherited)",
					"@executable_path/Frameworks",
				);
				MARKETING_VERSION = 1.0;
				PRODUCT_BUNDLE_IDENTIFIER = "Arthur-Machado.AMFlix-Project";
				PRODUCT_NAME = "$(TARGET_NAME)";
				SWIFT_EMIT_LOC_STRINGS = YES;
				SWIFT_VERSION = 5.0;
				TARGETED_DEVICE_FAMILY = "1,2";
			};
			name = Release;
		};
		8EB7D7A32ED7C59300C6A853 /* Debug */ = {
			isa = XCBuildConfiguration;
			baseConfigurationReference = D51314EC29DAB3B9EBF61F04 /* Pods-AMFlix_ProjectTests.debug.xcconfig */;
			buildSettings = {
				BUNDLE_LOADER = "$(TEST_HOST)";
				CODE_SIGN_STYLE = Automatic;
				CURRENT_PROJECT_VERSION = 1;
				DEVELOPMENT_TEAM = 7NFTZZKFCW;
				GENERATE_INFOPLIST_FILE = YES;
				IPHONEOS_DEPLOYMENT_TARGET = 18.4;
				MARKETING_VERSION = 1.0;
				PRODUCT_BUNDLE_IDENTIFIER = "Arthur-Machado.AMFlix-ProjectTests";
				PRODUCT_NAME = "$(TARGET_NAME)";
				SWIFT_EMIT_LOC_STRINGS = NO;
				SWIFT_VERSION = 5.0;
				TARGETED_DEVICE_FAMILY = "1,2";
				TEST_HOST = "$(BUILT_PRODUCTS_DIR)/AMFlix_Project.app/$(BUNDLE_EXECUTABLE_FOLDER_PATH)/AMFlix_Project";
			};
			name = Debug;
		};
		8EB7D7A42ED7C59300C6A853 /* Release */ = {
			isa = XCBuildConfiguration;
			baseConfigurationReference = 2B326DF456E5BE5F1535DD69 /* Pods-AMFlix_ProjectTests.release.xcconfig */;
			buildSettings = {
				BUNDLE_LOADER = "$(TEST_HOST)";
				CODE_SIGN_STYLE = Automatic;
				CURRENT_PROJECT_VERSION = 1;
				DEVELOPMENT_TEAM = 7NFTZZKFCW;
				GENERATE_INFOPLIST_FILE = YES;
				IPHONEOS_DEPLOYMENT_TARGET = 18.4;
				MARKETING_VERSION = 1.0;
				PRODUCT_BUNDLE_IDENTIFIER = "Arthur-Machado.AMFlix-ProjectTests";
				PRODUCT_NAME = "$(TARGET_NAME)";
				SWIFT_EMIT_LOC_STRINGS = NO;
				SWIFT_VERSION = 5.0;
				TARGETED_DEVICE_FAMILY = "1,2";
				TEST_HOST = "$(BUILT_PRODUCTS_DIR)/AMFlix_Project.app/$(BUNDLE_EXECUTABLE_FOLDER_PATH)/AMFlix_Project";
			};
			name = Release;
		};
		8EB7D7A62ED7C59300C6A853 /* Debug */ = {
			isa = XCBuildConfiguration;
			baseConfigurationReference = 278765BA399BC46E8D4412AF /* Pods-AMFlix_Project-AMFlix_ProjectUITests.debug.xcconfig */;
			buildSettings = {
				CODE_SIGN_STYLE = Automatic;
				CURRENT_PROJECT_VERSION = 1;
				DEVELOPMENT_TEAM = 7NFTZZKFCW;
				GENERATE_INFOPLIST_FILE = YES;
				MARKETING_VERSION = 1.0;
				PRODUCT_BUNDLE_IDENTIFIER = "Arthur-Machado.AMFlix-ProjectUITests";
				PRODUCT_NAME = "$(TARGET_NAME)";
				SWIFT_EMIT_LOC_STRINGS = NO;
				SWIFT_VERSION = 5.0;
				TARGETED_DEVICE_FAMILY = "1,2";
				TEST_TARGET_NAME = AMFlix_Project;
			};
			name = Debug;
		};
		8EB7D7A72ED7C59300C6A853 /* Release */ = {
			isa = XCBuildConfiguration;
			baseConfigurationReference = C815423D4703AE457282CCAE /* Pods-AMFlix_Project-AMFlix_ProjectUITests.release.xcconfig */;
			buildSettings = {
				CODE_SIGN_STYLE = Automatic;
				CURRENT_PROJECT_VERSION = 1;
				DEVELOPMENT_TEAM = 7NFTZZKFCW;
				GENERATE_INFOPLIST_FILE = YES;
				MARKETING_VERSION = 1.0;
				PRODUCT_BUNDLE_IDENTIFIER = "Arthur-Machado.AMFlix-ProjectUITests";
				PRODUCT_NAME = "$(TARGET_NAME)";
				SWIFT_EMIT_LOC_STRINGS = NO;
				SWIFT_VERSION = 5.0;
				TARGETED_DEVICE_FAMILY = "1,2";
				TEST_TARGET_NAME = AMFlix_Project;
			};
			name = Release;
		};
/* End XCBuildConfiguration section */

/* Begin XCConfigurationList section */
		8EB7D7792ED7C59100C6A853 /* Build configuration list for PBXProject "AMFlix_Project" */ = {
			isa = XCConfigurationList;
			buildConfigurations = (
				8EB7D79D2ED7C59300C6A853 /* Debug */,
				8EB7D79E2ED7C59300C6A853 /* Release */,
			);
			defaultConfigurationIsVisible = 0;
			defaultConfigurationName = Release;
		};
		8EB7D79F2ED7C59300C6A853 /* Build configuration list for PBXNativeTarget "AMFlix_Project" */ = {
			isa = XCConfigurationList;
			buildConfigurations = (
				8EB7D7A02ED7C59300C6A853 /* Debug */,
				8EB7D7A12ED7C59300C6A853 /* Release */,
			);
			defaultConfigurationIsVisible = 0;
			defaultConfigurationName = Release;
		};
		8EB7D7A22ED7C59300C6A853 /* Build configuration list for PBXNativeTarget "AMFlix_ProjectTests" */ = {
			isa = XCConfigurationList;
			buildConfigurations = (
				8EB7D7A32ED7C59300C6A853 /* Debug */,
				8EB7D7A42ED7C59300C6A853 /* Release */,
			);
			defaultConfigurationIsVisible = 0;
			defaultConfigurationName = Release;
		};
		8EB7D7A52ED7C59300C6A853 /* Build configuration list for PBXNativeTarget "AMFlix_ProjectUITests" */ = {
			isa = XCConfigurationList;
			buildConfigurations = (
				8EB7D7A62ED7C59300C6A853 /* Debug */,
				8EB7D7A72ED7C59300C6A853 /* Release */,
			);
			defaultConfigurationIsVisible = 0;
			defaultConfigurationName = Release;
		};
/* End XCConfigurationList section */
	};
	rootObject = 8EB7D7762ED7C59100C6A853 /* Project object */;
}
